
Microsoft Visual Studio Solution File, Format Version 12.00
# Visual Studio Version 17
VisualStudioVersion = 17.14.36408.4
MinimumVisualStudioVersion = 10.0.40219.1
Project("{FAE04EC0-301F-11D3-BF4B-00C04F79EFBC}") = "Grape.Vine", "Grape.Vine\Grape.Vine.csproj", "{DDE832AE-2BFD-483D-A5B3-FB512AE35C91}"
EndProject
Project("{FAE04EC0-301F-11D3-BF4B-00C04F79EFBC}") = "Grape", "Grape\Grape.csproj", "{8AA1863C-6450-4E7A-BED5-09BCCF4E8DCF}"
EndProject
Project("{FAE04EC0-301F-11D3-BF4B-00C04F79EFBC}") = "Grape.SkiaSharp", "Grape.SkiaSharp\Grape.SkiaSharp.csproj", "{D5EEFD5F-A470-488C-AE9D-EFB26987824F}"
EndProject
Project("{FAE04EC0-301F-11D3-BF4B-00C04F79EFBC}") = "Examples", "Examples\Examples.csproj", "{747D3C6E-BA7C-4018-9253-9CA49E320715}"
EndProject
Global
	GlobalSection(SolutionConfigurationPlatforms) = preSolution
		Debug|Any CPU = Debug|Any CPU
		Debug|x64 = Debug|x64
		Debug|x86 = Debug|x86
		Release|Any CPU = Release|Any CPU
		Release|x64 = Release|x64
		Release|x86 = Release|x86
	EndGlobalSection
	GlobalSection(ProjectConfigurationPlatforms) = postSolution
		{DDE832AE-2BFD-483D-A5B3-FB512AE35C91}.Debug|Any CPU.ActiveCfg = Debug|Any CPU
		{DDE832AE-2BFD-483D-A5B3-FB512AE35C91}.Debug|Any CPU.Build.0 = Debug|Any CPU
		{DDE832AE-2BFD-483D-A5B3-FB512AE35C91}.Debug|x64.ActiveCfg = Debug|Any CPU
		{DDE832AE-2BFD-483D-A5B3-FB512AE35C91}.Debug|x64.Build.0 = Debug|Any CPU
		{DDE832AE-2BFD-483D-A5B3-FB512AE35C91}.Debug|x86.ActiveCfg = Debug|Any CPU
		{DDE832AE-2BFD-483D-A5B3-FB512AE35C91}.Debug|x86.Build.0 = Debug|Any CPU
		{DDE832AE-2BFD-483D-A5B3-FB512AE35C91}.Release|Any CPU.ActiveCfg = Release|Any CPU
		{DDE832AE-2BFD-483D-A5B3-FB512AE35C91}.Release|Any CPU.Build.0 = Release|Any CPU
		{DDE832AE-2BFD-483D-A5B3-FB512AE35C91}.Release|x64.ActiveCfg = Release|Any CPU
		{DDE832AE-2BFD-483D-A5B3-FB512AE35C91}.Release|x64.Build.0 = Release|Any CPU
		{DDE832AE-2BFD-483D-A5B3-FB512AE35C91}.Release|x86.ActiveCfg = Release|Any CPU
		{DDE832AE-2BFD-483D-A5B3-FB512AE35C91}.Release|x86.Build.0 = Release|Any CPU
		{8AA1863C-6450-4E7A-BED5-09BCCF4E8DCF}.Debug|Any CPU.ActiveCfg = Debug|Any CPU
		{8AA1863C-6450-4E7A-BED5-09BCCF4E8DCF}.Debug|Any CPU.Build.0 = Debug|Any CPU
		{8AA1863C-6450-4E7A-BED5-09BCCF4E8DCF}.Debug|x64.ActiveCfg = Debug|Any CPU
		{8AA1863C-6450-4E7A-BED5-09BCCF4E8DCF}.Debug|x64.Build.0 = Debug|Any CPU
		{8AA1863C-6450-4E7A-BED5-09BCCF4E8DCF}.Debug|x86.ActiveCfg = Debug|Any CPU
		{8AA1863C-6450-4E7A-BED5-09BCCF4E8DCF}.Debug|x86.Build.0 = Debug|Any CPU
		{8AA1863C-6450-4E7A-BED5-09BCCF4E8DCF}.Release|Any CPU.ActiveCfg = Release|Any CPU
		{8AA1863C-6450-4E7A-BED5-09BCCF4E8DCF}.Release|Any CPU.Build.0 = Release|Any CPU
		{8AA1863C-6450-4E7A-BED5-09BCCF4E8DCF}.Release|x64.ActiveCfg = Release|Any CPU
		{8AA1863C-6450-4E7A-BED5-09BCCF4E8DCF}.Release|x64.Build.0 = Release|Any CPU
		{8AA1863C-6450-4E7A-BED5-09BCCF4E8DCF}.Release|x86.ActiveCfg = Release|Any CPU
		{8AA1863C-6450-4E7A-BED5-09BCCF4E8DCF}.Release|x86.Build.0 = Release|Any CPU
		{D5EEFD5F-A470-488C-AE9D-EFB26987824F}.Debug|Any CPU.ActiveCfg = Debug|Any CPU
		{D5EEFD5F-A470-488C-AE9D-EFB26987824F}.Debug|Any CPU.Build.0 = Debug|Any CPU
		{D5EEFD5F-A470-488C-AE9D-EFB26987824F}.Debug|x64.ActiveCfg = Debug|Any CPU
		{D5EEFD5F-A470-488C-AE9D-EFB26987824F}.Debug|x64.Build.0 = Debug|Any CPU
		{D5EEFD5F-A470-488C-AE9D-EFB26987824F}.Debug|x86.ActiveCfg = Debug|Any CPU
		{D5EEFD5F-A470-488C-AE9D-EFB26987824F}.Debug|x86.Build.0 = Debug|Any CPU
		{D5EEFD5F-A470-488C-AE9D-EFB26987824F}.Release|Any CPU.ActiveCfg = Release|Any CPU
		{D5EEFD5F-A470-488C-AE9D-EFB26987824F}.Release|Any CPU.Build.0 = Release|Any CPU
		{D5EEFD5F-A470-488C-AE9D-EFB26987824F}.Release|x64.ActiveCfg = Release|Any CPU
		{D5EEFD5F-A470-488C-AE9D-EFB26987824F}.Release|x64.Build.0 = Release|Any CPU
		{D5EEFD5F-A470-488C-AE9D-EFB26987824F}.Release|x86.ActiveCfg = Release|Any CPU
		{D5EEFD5F-A470-488C-AE9D-EFB26987824F}.Release|x86.Build.0 = Release|Any CPU
		{747D3C6E-BA7C-4018-9253-9CA49E320715}.Debug|Any CPU.ActiveCfg = Debug|Any CPU
		{747D3C6E-BA7C-4018-9253-9CA49E320715}.Debug|Any CPU.Build.0 = Debug|Any CPU
		{747D3C6E-BA7C-4018-9253-9CA49E320715}.Debug|x64.ActiveCfg = Debug|Any CPU
		{747D3C6E-BA7C-4018-9253-9CA49E320715}.Debug|x64.Build.0 = Debug|Any CPU
		{747D3C6E-BA7C-4018-9253-9CA49E320715}.Debug|x86.ActiveCfg = Debug|Any CPU
		{747D3C6E-BA7C-4018-9253-9CA49E320715}.Debug|x86.Build.0 = Debug|Any CPU
		{747D3C6E-BA7C-4018-9253-9CA49E320715}.Release|Any CPU.ActiveCfg = Release|Any CPU
		{747D3C6E-BA7C-4018-9253-9CA49E320715}.Release|Any CPU.Build.0 = Release|Any CPU
		{747D3C6E-BA7C-4018-9253-9CA49E320715}.Release|x64.ActiveCfg = Release|Any CPU
		{747D3C6E-BA7C-4018-9253-9CA49E320715}.Release|x64.Build.0 = Release|Any CPU
		{747D3C6E-BA7C-4018-9253-9CA49E320715}.Release|x86.ActiveCfg = Release|Any CPU
		{747D3C6E-BA7C-4018-9253-9CA49E320715}.Release|x86.Build.0 = Release|Any CPU
	EndGlobalSection
	GlobalSection(SolutionProperties) = preSolution
		HideSolutionNode = FALSE
	EndGlobalSection
	GlobalSection(ExtensibilityGlobals) = postSolution
		SolutionGuid = {759B64BE-865D-4FC3-8D7C-15084D3F235E}
	EndGlobalSection
EndGlobal
